
Microsoft Visual Studio Solution File, Format Version 12.00
# Visual Studio Version 17
VisualStudioVersion = 17.9.34723.18
MinimumVisualStudioVersion = 10.0.40219.1
Project("{9A19103F-16F7-4668-BE54-9A1E7A4F7556}") = "RetainerTrackExpanded", "RetainerTrack\RetainerTrackExpanded.csproj", "{5FA75994-45B8-4E1A-A9D6-F28CD4C52342}"
EndProject
Global
	GlobalSection(SolutionConfigurationPlatforms) = preSolution
		Debug|Any CPU = Debug|Any CPU
		Debug|x64 = Debug|x64
		Release|Any CPU = Release|Any CPU
		Release|x64 = Release|x64
	EndGlobalSection
	GlobalSection(ProjectConfigurationPlatforms) = postSolution
		{5FA75994-45B8-4E1A-A9D6-F28CD4C52342}.Debug|Any CPU.ActiveCfg = Debug|x64
		{5FA75994-45B8-4E1A-A9D6-F28CD4C52342}.Debug|Any CPU.Build.0 = Debug|x64
		{5FA75994-45B8-4E1A-A9D6-F28CD4C52342}.Debug|x64.ActiveCfg = Debug|x64
		{5FA75994-45B8-4E1A-A9D6-F28CD4C52342}.Debug|x64.Build.0 = Debug|x64
		{5FA75994-45B8-4E1A-A9D6-F28CD4C52342}.Release|Any CPU.ActiveCfg = ExportRelease|x64
		{5FA75994-45B8-4E1A-A9D6-F28CD4C52342}.Release|Any CPU.Build.0 = ExportRelease|x64
		{5FA75994-45B8-4E1A-A9D6-F28CD4C52342}.Release|x64.ActiveCfg = Debug|Any CPU
	EndGlobalSection
	GlobalSection(SolutionProperties) = preSolution
		HideSolutionNode = FALSE
	EndGlobalSection
	GlobalSection(ExtensibilityGlobals) = postSolution
		SolutionGuid = {6CB3463F-500A-4370-AAD7-D97EDA11ACA8}
	EndGlobalSection
EndGlobal
